<Solution>
    <Folder Name="/source/">
        <Project Path="source/HotelViewer.Application/HotelViewer.Application.csproj" />
        <Project Path="source/HotelViewer.Domain/HotelViewer.Domain.csproj" />
        <Project Path="source/HotelViewer.Infrastructure/HotelViewer.Infrastructure.csproj" />
    </Folder>
    <Folder Name="/tests/" />
</Solution>